
Microsoft Visual Studio Solution File, Format Version 12.00
# Visual Studio 2013
VisualStudioVersion = 12.0.40629.0
MinimumVisualStudioVersion = 10.0.40219.1
Project("{FAE04EC0-301F-11D3-BF4B-00C04F79EFBC}") = "Fetena", "Fetena\Fetena.csproj", "{6B75B24D-B450-4C6E-8243-B942BC47CB28}"
EndProject
Project("{2150E333-8FDC-42A3-9474-1A3956D46DE8}") = ".nuget", ".nuget", "{9CC8A077-AEDC-4425-99AB-380D3160C246}"
	ProjectSection(SolutionItems) = preProject
		.nuget\packages.config = .nuget\packages.config
	EndProjectSection
EndProject
Global
	GlobalSection(SolutionConfigurationPlatforms) = preSolution
		Debug|Any CPU = Debug|Any CPU
		Release|Any CPU = Release|Any CPU
	EndGlobalSection
	GlobalSection(ProjectConfigurationPlatforms) = postSolution
		{6B75B24D-B450-4C6E-8243-B942BC47CB28}.Debug|Any CPU.ActiveCfg = Debug|Any CPU
		{6B75B24D-B450-4C6E-8243-B942BC47CB28}.Debug|Any CPU.Build.0 = Debug|Any CPU
		{6B75B24D-B450-4C6E-8243-B942BC47CB28}.Release|Any CPU.ActiveCfg = Release|Any CPU
		{6B75B24D-B450-4C6E-8243-B942BC47CB28}.Release|Any CPU.Build.0 = Release|Any CPU
	EndGlobalSection
	GlobalSection(SolutionProperties) = preSolution
		HideSolutionNode = FALSE
	EndGlobalSection
EndGlobal
